{
    "name": "raspap",
    "version": "2.6",
    "lockfileVersion": 1,
    "requires": true,
    "dependencies": {
        "bootstrap": {
            "version": "5.1.3",
            "resolved": "https://registry.npmjs.org/bootstrap/-/bootstrap-5.1.3.tgz",
            "integrity": "sha512-fcQztozJ8jToQWXxVuEyXWW+dSo8AiXWKwiSSrKWsRB/Qt+Ewwza+JWoLKiTuQLaEPhdNAJ7+Dosc9DOIqNy7Q=="
        },
        "ev-emitter": {
            "version": "1.1.1",
            "resolved": "https://registry.npmjs.org/ev-emitter/-/ev-emitter-1.1.1.tgz",
            "integrity": "sha512-ipiDYhdQSCZ4hSbX4rMW+XzNKMD1prg/sTvoVmSLkuQ1MVlwjJQQA+sW8tMYR3BLUr9KjodFV4pvzunvRhd33Q=="
        },
        "gridstack": {
            "version": "5.0.0",
            "resolved": "https://registry.npmjs.org/gridstack/-/gridstack-5.0.0.tgz",
            "integrity": "sha512-FpXQ2gWUCcBW7QON7GEqP7NZFWZPpuGfze4dzRMQ1ikaRZ7Y2qfc9Gbc04Qukjst2AuPQcuW/mEJkh+2XnnCsA=="
        },
        "huebee": {
            "version": "2.1.1",
            "resolved": "https://registry.npmjs.org/huebee/-/huebee-2.1.1.tgz",
            "integrity": "sha512-wdQ/lJproHgJyNrbSqyWOyUmNIYU8EMR1tfdY2Ag5tRoQGtT4CIsHWiXqJBctClKj+sf5uiL6VS83ZGLBxE91w==",
            "requires": {
                "ev-emitter": "^1.1.1",
                "unipointer": "^2.3.0"
            }
        },
        "sb-admin-2": {
            "version": "3.3.8",
            "resolved": "https://registry.npmjs.org/sb-admin-2/-/sb-admin-2-3.3.8.tgz",
            "integrity": "sha1-n0JLoiKz6pmO0H/4FF0vAipbeo0="
        },
        "unipointer": {
            "version": "2.4.0",
            "resolved": "https://registry.npmjs.org/unipointer/-/unipointer-2.4.0.tgz",
            "integrity": "sha512-VjzDLPjGK7aYpQKH7bnDZS8X4axF5AFU/LQi+NQe1oyEHfaz6lWKhaQ7n4o7vJ1iJ4i2T0quCIfrQM139p05Sw==",
            "requires": {
                "ev-emitter": "^1.0.1"
            }
        }
    }
}
